
Microsoft Visual Studio Solution File, Format Version 12.00
# Visual Studio 15
VisualStudioVersion = 15.0.27130.2020
MinimumVisualStudioVersion = 10.0.40219.1
Project("{8BC9CEB8-8B4A-11D0-8D11-00A0C91BC942}") = "Firstone", "Firstone\Firstone.vcxproj", "{E515219B-7CA4-4A01-9A76-4EC0823C8E8F}"
EndProject
Global
	GlobalSection(SolutionConfigurationPlatforms) = preSolution
		Debug|x64 = Debug|x64
		Debug|x86 = Debug|x86
		Release|x64 = Release|x64
		Release|x86 = Release|x86
	EndGlobalSection
	GlobalSection(ProjectConfigurationPlatforms) = postSolution
		{E515219B-7CA4-4A01-9A76-4EC0823C8E8F}.Debug|x64.ActiveCfg = Debug|x64
		{E515219B-7CA4-4A01-9A76-4EC0823C8E8F}.Debug|x64.Build.0 = Debug|x64
		{E515219B-7CA4-4A01-9A76-4EC0823C8E8F}.Debug|x86.ActiveCfg = Debug|Win32
		{E515219B-7CA4-4A01-9A76-4EC0823C8E8F}.Debug|x86.Build.0 = Debug|Win32
		{E515219B-7CA4-4A01-9A76-4EC0823C8E8F}.Release|x64.ActiveCfg = Release|x64
		{E515219B-7CA4-4A01-9A76-4EC0823C8E8F}.Release|x64.Build.0 = Release|x64
		{E515219B-7CA4-4A01-9A76-4EC0823C8E8F}.Release|x86.ActiveCfg = Release|Win32
		{E515219B-7CA4-4A01-9A76-4EC0823C8E8F}.Release|x86.Build.0 = Release|Win32
	EndGlobalSection
	GlobalSection(SolutionProperties) = preSolution
		HideSolutionNode = FALSE
	EndGlobalSection
	GlobalSection(ExtensibilityGlobals) = postSolution
		SolutionGuid = {1FC76D6C-4149-4751-B05F-36111BD3E253}
	EndGlobalSection
EndGlobal
